{
  "markbot": "ffd9e307c9d720052fc57f7b82c97c21250ddfdbe7ca6e8ff058a88cf8c5677f",
  "markbotignore": "030a4e6e1b3b6b510514a7ae54576e2c2ef762d56236c6414ef634955d96a126",
  "index.html": "f0fbc7cc94bba7aee2bbeed9f26289550828028a2924e75ea10b84f99c01c62a",
  "index-1000.png": "e4e19be14e4ec3e142a4518ca9df23e022d3185145a98debd9b8ad7b176db50d"
}